Microsoft Visual Studio Solution File, Format Version 11.00
# Visual Studio 2008

Project("{DF58EE4B-5225-9EB1-A93A-161DB0581A36}") = "2D Rebind", "Assembly-CSharp-firstpass.csproj", "{D72604BF-C698-B2FD-A930-67C7EC71CDDC}"
EndProject
Project("{DF58EE4B-5225-9EB1-A93A-161DB0581A36}") = "2D Rebind", "Assembly-CSharp.csproj", "{FEB8C6D6-E070-4B91-1163-CB3975CB6514}"
EndProject
Project("{DF58EE4B-5225-9EB1-A93A-161DB0581A36}") = "2D Rebind", "Assembly-CSharp-Editor.csproj", "{02716526-78C5-0374-C7E4-D03AD4B4D278}"
EndProject
Global
	GlobalSection(SolutionConfigurationPlatforms) = preSolution
		Debug|Any CPU = Debug|Any CPU
		Release|Any CPU = Release|Any CPU
	EndGlobalSection
	GlobalSection(ProjectConfigurationPlatforms) = postSolution
		{D72604BF-C698-B2FD-A930-67C7EC71CDDC}.Debug|Any CPU.ActiveCfg = Debug|Any CPU
		{D72604BF-C698-B2FD-A930-67C7EC71CDDC}.Debug|Any CPU.Build.0 = Debug|Any CPU
		{D72604BF-C698-B2FD-A930-67C7EC71CDDC}.Release|Any CPU.ActiveCfg = Release|Any CPU
		{D72604BF-C698-B2FD-A930-67C7EC71CDDC}.Release|Any CPU.Build.0 = Release|Any CPU
		{FEB8C6D6-E070-4B91-1163-CB3975CB6514}.Debug|Any CPU.ActiveCfg = Debug|Any CPU
		{FEB8C6D6-E070-4B91-1163-CB3975CB6514}.Debug|Any CPU.Build.0 = Debug|Any CPU
		{FEB8C6D6-E070-4B91-1163-CB3975CB6514}.Release|Any CPU.ActiveCfg = Release|Any CPU
		{FEB8C6D6-E070-4B91-1163-CB3975CB6514}.Release|Any CPU.Build.0 = Release|Any CPU
		{02716526-78C5-0374-C7E4-D03AD4B4D278}.Debug|Any CPU.ActiveCfg = Debug|Any CPU
		{02716526-78C5-0374-C7E4-D03AD4B4D278}.Debug|Any CPU.Build.0 = Debug|Any CPU
		{02716526-78C5-0374-C7E4-D03AD4B4D278}.Release|Any CPU.ActiveCfg = Release|Any CPU
		{02716526-78C5-0374-C7E4-D03AD4B4D278}.Release|Any CPU.Build.0 = Release|Any CPU
	EndGlobalSection
	GlobalSection(SolutionProperties) = preSolution
		HideSolutionNode = FALSE
	EndGlobalSection
	GlobalSection(MonoDevelopProperties) = preSolution
		StartupItem = Assembly-CSharp.csproj
	EndGlobalSection
EndGlobal
