Microsoft Visual Studio Solution File, Format Version 11.00
# Visual Studio 2008

Project("{472D46CB-8290-18F9-DBD6-5FB8479A49BB}") = "Jason", "Assembly-CSharp-firstpass.csproj", "{86B27097-A2E6-614B-B7E7-6A2B6C3272F5}"
EndProject
Project("{472D46CB-8290-18F9-DBD6-5FB8479A49BB}") = "Jason", "Assembly-CSharp.csproj", "{AB354EFF-6132-27F0-BAC9-800B96470706}"
EndProject
Project("{472D46CB-8290-18F9-DBD6-5FB8479A49BB}") = "Jason", "Assembly-CSharp-Editor.csproj", "{59AAE678-04B2-660E-1B08-2E1CDD0B4416}"
EndProject
Global
	GlobalSection(SolutionConfigurationPlatforms) = preSolution
		Debug|Any CPU = Debug|Any CPU
		Release|Any CPU = Release|Any CPU
	EndGlobalSection
	GlobalSection(ProjectConfigurationPlatforms) = postSolution
		{86B27097-A2E6-614B-B7E7-6A2B6C3272F5}.Debug|Any CPU.ActiveCfg = Debug|Any CPU
		{86B27097-A2E6-614B-B7E7-6A2B6C3272F5}.Debug|Any CPU.Build.0 = Debug|Any CPU
		{86B27097-A2E6-614B-B7E7-6A2B6C3272F5}.Release|Any CPU.ActiveCfg = Release|Any CPU
		{86B27097-A2E6-614B-B7E7-6A2B6C3272F5}.Release|Any CPU.Build.0 = Release|Any CPU
		{AB354EFF-6132-27F0-BAC9-800B96470706}.Debug|Any CPU.ActiveCfg = Debug|Any CPU
		{AB354EFF-6132-27F0-BAC9-800B96470706}.Debug|Any CPU.Build.0 = Debug|Any CPU
		{AB354EFF-6132-27F0-BAC9-800B96470706}.Release|Any CPU.ActiveCfg = Release|Any CPU
		{AB354EFF-6132-27F0-BAC9-800B96470706}.Release|Any CPU.Build.0 = Release|Any CPU
		{59AAE678-04B2-660E-1B08-2E1CDD0B4416}.Debug|Any CPU.ActiveCfg = Debug|Any CPU
		{59AAE678-04B2-660E-1B08-2E1CDD0B4416}.Debug|Any CPU.Build.0 = Debug|Any CPU
		{59AAE678-04B2-660E-1B08-2E1CDD0B4416}.Release|Any CPU.ActiveCfg = Release|Any CPU
		{59AAE678-04B2-660E-1B08-2E1CDD0B4416}.Release|Any CPU.Build.0 = Release|Any CPU
	EndGlobalSection
	GlobalSection(SolutionProperties) = preSolution
		HideSolutionNode = FALSE
	EndGlobalSection
	GlobalSection(MonoDevelopProperties) = preSolution
		StartupItem = Assembly-CSharp.csproj
	EndGlobalSection
EndGlobal
